// !$*UTF8*$!
{
	archiveVersion = 1;
	classes = {
	};
	objectVersion = 50;
	objects = {

/* Begin PBXBuildFile section */
		7B0A0EC4247F142A00313926 /* MainTabBarViewController.swift in Sources */ = {isa = PBXBuildFile; fileRef = 7B0A0EC3247F142A00313926 /* MainTabBarViewController.swift */; };
		7B0A0EC9247F180300313926 /* UIView+ConstraintLayout.swift in Sources */ = {isa = PBXBuildFile; fileRef = 7B0A0EC5247F180300313926 /* UIView+ConstraintLayout.swift */; };
		7B0A0ECA247F180300313926 /* UIColor+HexRgb.swift in Sources */ = {isa = PBXBuildFile; fileRef = 7B0A0EC6247F180300313926 /* UIColor+HexRgb.swift */; };
		7B0A0ECB247F180300313926 /* HorizontalStackView.swift in Sources */ = {isa = PBXBuildFile; fileRef = 7B0A0EC7247F180300313926 /* HorizontalStackView.swift */; };
		7B0A0ECC247F180300313926 /* VerticalStackView.swift in Sources */ = {isa = PBXBuildFile; fileRef = 7B0A0EC8247F180300313926 /* VerticalStackView.swift */; };
		7B1F56A7247DCA9E0028891C /* AppDelegate.swift in Sources */ = {isa = PBXBuildFile; fileRef = 7B1F56A6247DCA9E0028891C /* AppDelegate.swift */; };
		7B1F56A9247DCA9E0028891C /* SceneDelegate.swift in Sources */ = {isa = PBXBuildFile; fileRef = 7B1F56A8247DCA9E0028891C /* SceneDelegate.swift */; };
		7B1F56AB247DCA9E0028891C /* ViewController.swift in Sources */ = {isa = PBXBuildFile; fileRef = 7B1F56AA247DCA9E0028891C /* ViewController.swift */; };
		7B1F56B0247DCAA20028891C /* Assets.xcassets in Resources */ = {isa = PBXBuildFile; fileRef = 7B1F56AF247DCAA20028891C /* Assets.xcassets */; };
		7B1F56B3247DCAA20028891C /* LaunchScreen.storyboard in Resources */ = {isa = PBXBuildFile; fileRef = 7B1F56B1247DCAA20028891C /* LaunchScreen.storyboard */; };
		B0335BFB2482EEC20026F6FA /* LabelViewController.swift in Sources */ = {isa = PBXBuildFile; fileRef = B0335BFA2482EEC20026F6FA /* LabelViewController.swift */; };
		B0814FDC2481BB770087DC6A /* WeekTableViewController.swift in Sources */ = {isa = PBXBuildFile; fileRef = B0814FDB2481BB770087DC6A /* WeekTableViewController.swift */; };
		B0814FDE2481BC640087DC6A /* Week.swift in Sources */ = {isa = PBXBuildFile; fileRef = B0814FDD2481BC640087DC6A /* Week.swift */; };
		B0DBB9B424806AD2000212EC /* AlarmTableViewController.swift in Sources */ = {isa = PBXBuildFile; fileRef = B0DBB9B324806AD2000212EC /* AlarmTableViewController.swift */; };
		B0DBB9B624806B18000212EC /* AlarmTableViewCell.swift in Sources */ = {isa = PBXBuildFile; fileRef = B0DBB9B524806B18000212EC /* AlarmTableViewCell.swift */; };
		B0DBB9BA24806CB3000212EC /* Alarm.swift in Sources */ = {isa = PBXBuildFile; fileRef = B0DBB9B924806CB3000212EC /* Alarm.swift */; };
		B0DBB9BC24819227000212EC /* AddAlarmTableViewController.swift in Sources */ = {isa = PBXBuildFile; fileRef = B0DBB9BB24819227000212EC /* AddAlarmTableViewController.swift */; };
		B0DBB9BE248197BA000212EC /* RightDetailTableViewCell.swift in Sources */ = {isa = PBXBuildFile; fileRef = B0DBB9BD248197BA000212EC /* RightDetailTableViewCell.swift */; };
		B0DBB9C024819E50000212EC /* DatePickerTableViewCell.swift in Sources */ = {isa = PBXBuildFile; fileRef = B0DBB9BF24819E50000212EC /* DatePickerTableViewCell.swift */; };
/* End PBXBuildFile section */

/* Begin PBXFileReference section */
		7B0A0EC3247F142A00313926 /* MainTabBarViewController.swift */ = {isa = PBXFileReference; lastKnownFileType = sourcecode.swift; path = MainTabBarViewController.swift; sourceTree = "<group>"; };
		7B0A0EC5247F180300313926 /* UIView+ConstraintLayout.swift */ = {isa = PBXFileReference; fileEncoding = 4; lastKnownFileType = sourcecode.swift; path = "UIView+ConstraintLayout.swift"; sourceTree = "<group>"; };
		7B0A0EC6247F180300313926 /* UIColor+HexRgb.swift */ = {isa = PBXFileReference; fileEncoding = 4; lastKnownFileType = sourcecode.swift; path = "UIColor+HexRgb.swift"; sourceTree = "<group>"; };
		7B0A0EC7247F180300313926 /* HorizontalStackView.swift */ = {isa = PBXFileReference; fileEncoding = 4; lastKnownFileType = sourcecode.swift; path = HorizontalStackView.swift; sourceTree = "<group>"; };
		7B0A0EC8247F180300313926 /* VerticalStackView.swift */ = {isa = PBXFileReference; fileEncoding = 4; lastKnownFileType = sourcecode.swift; path = VerticalStackView.swift; sourceTree = "<group>"; };
		7B1F56A3247DCA9E0028891C /* iOS_Clock_App.app */ = {isa = PBXFileReference; explicitFileType = wrapper.application; includeInIndex = 0; path = iOS_Clock_App.app; sourceTree = BUILT_PRODUCTS_DIR; };
		7B1F56A6247DCA9E0028891C /* AppDelegate.swift */ = {isa = PBXFileReference; lastKnownFileType = sourcecode.swift; path = AppDelegate.swift; sourceTree = "<group>"; };
		7B1F56A8247DCA9E0028891C /* SceneDelegate.swift */ = {isa = PBXFileReference; lastKnownFileType = sourcecode.swift; path = SceneDelegate.swift; sourceTree = "<group>"; };
		7B1F56AA247DCA9E0028891C /* ViewController.swift */ = {isa = PBXFileReference; lastKnownFileType = sourcecode.swift; path = ViewController.swift; sourceTree = "<group>"; };
		7B1F56AF247DCAA20028891C /* Assets.xcassets */ = {isa = PBXFileReference; lastKnownFileType = folder.assetcatalog; path = Assets.xcassets; sourceTree = "<group>"; };
		7B1F56B2247DCAA20028891C /* Base */ = {isa = PBXFileReference; lastKnownFileType = file.storyboard; name = Base; path = Base.lproj/LaunchScreen.storyboard; sourceTree = "<group>"; };
		7B1F56B4247DCAA20028891C /* Info.plist */ = {isa = PBXFileReference; lastKnownFileType = text.plist.xml; path = Info.plist; sourceTree = "<group>"; };
		B0335BFA2482EEC20026F6FA /* LabelViewController.swift */ = {isa = PBXFileReference; lastKnownFileType = sourcecode.swift; path = LabelViewController.swift; sourceTree = "<group>"; };
		B0814FDB2481BB770087DC6A /* WeekTableViewController.swift */ = {isa = PBXFileReference; lastKnownFileType = sourcecode.swift; path = WeekTableViewController.swift; sourceTree = "<group>"; };
		B0814FDD2481BC640087DC6A /* Week.swift */ = {isa = PBXFileReference; lastKnownFileType = sourcecode.swift; name = Week.swift; path = iOS_Clock_App/Controller/Week.swift; sourceTree = SOURCE_ROOT; };
		B0DBB9B324806AD2000212EC /* AlarmTableViewController.swift */ = {isa = PBXFileReference; lastKnownFileType = sourcecode.swift; path = AlarmTableViewController.swift; sourceTree = "<group>"; };
		B0DBB9B524806B18000212EC /* AlarmTableViewCell.swift */ = {isa = PBXFileReference; lastKnownFileType = sourcecode.swift; name = AlarmTableViewCell.swift; path = iOS_Clock_App/AlarmTableViewCell.swift; sourceTree = SOURCE_ROOT; };
		B0DBB9B924806CB3000212EC /* Alarm.swift */ = {isa = PBXFileReference; lastKnownFileType = sourcecode.swift; name = Alarm.swift; path = iOS_Clock_App/Controller/Alarm.swift; sourceTree = SOURCE_ROOT; };
		B0DBB9BB24819227000212EC /* AddAlarmTableViewController.swift */ = {isa = PBXFileReference; lastKnownFileType = sourcecode.swift; path = AddAlarmTableViewController.swift; sourceTree = "<group>"; };
		B0DBB9BD248197BA000212EC /* RightDetailTableViewCell.swift */ = {isa = PBXFileReference; fileEncoding = 4; lastKnownFileType = sourcecode.swift; path = RightDetailTableViewCell.swift; sourceTree = "<group>"; };
		B0DBB9BF24819E50000212EC /* DatePickerTableViewCell.swift */ = {isa = PBXFileReference; fileEncoding = 4; lastKnownFileType = sourcecode.swift; path = DatePickerTableViewCell.swift; sourceTree = "<group>"; };
/* End PBXFileReference section */

/* Begin PBXFrameworksBuildPhase section */
		7B1F56A0247DCA9E0028891C /* Frameworks */ = {
			isa = PBXFrameworksBuildPhase;
			buildActionMask = 2147483647;
			files = (
			);
			runOnlyForDeploymentPostprocessing = 0;
		};
/* End PBXFrameworksBuildPhase section */

/* Begin PBXGroup section */
		7B0A0EBE247F129D00313926 /* Supporting */ = {
			isa = PBXGroup;
			children = (
				7B1F56A6247DCA9E0028891C /* AppDelegate.swift */,
				7B1F56A8247DCA9E0028891C /* SceneDelegate.swift */,
				7B1F56AF247DCAA20028891C /* Assets.xcassets */,
				7B1F56B1247DCAA20028891C /* LaunchScreen.storyboard */,
			);
			path = Supporting;
			sourceTree = "<group>";
		};
		7B0A0EBF247F12CF00313926 /* Controller */ = {
			isa = PBXGroup;
			children = (
				7B1F56AA247DCA9E0028891C /* ViewController.swift */,
				7B0A0EC3247F142A00313926 /* MainTabBarViewController.swift */,
				B0DBB9B324806AD2000212EC /* AlarmTableViewController.swift */,
				B0DBB9BB24819227000212EC /* AddAlarmTableViewController.swift */,
				B0814FDB2481BB770087DC6A /* WeekTableViewController.swift */,
				B0335BFA2482EEC20026F6FA /* LabelViewController.swift */,
			);
			path = Controller;
			sourceTree = "<group>";
		};
		7B0A0EC0247F12DC00313926 /* Model */ = {
			isa = PBXGroup;
			children = (
				B0DBB9B924806CB3000212EC /* Alarm.swift */,
				B0814FDD2481BC640087DC6A /* Week.swift */,
			);
			path = Model;
			sourceTree = "<group>";
		};
		7B0A0EC1247F12E700313926 /* View */ = {
			isa = PBXGroup;
			children = (
				B0DBB9BF24819E50000212EC /* DatePickerTableViewCell.swift */,
				B0DBB9B524806B18000212EC /* AlarmTableViewCell.swift */,
				B0DBB9BD248197BA000212EC /* RightDetailTableViewCell.swift */,
			);
			path = View;
			sourceTree = "<group>";
		};
		7B0A0EC2247F12F700313926 /* Utils */ = {
			isa = PBXGroup;
			children = (
				7B0A0EC7247F180300313926 /* HorizontalStackView.swift */,
				7B0A0EC6247F180300313926 /* UIColor+HexRgb.swift */,
				7B0A0EC5247F180300313926 /* UIView+ConstraintLayout.swift */,
				7B0A0EC8247F180300313926 /* VerticalStackView.swift */,
			);
			path = Utils;
			sourceTree = "<group>";
		};
		7B1F569A247DCA9E0028891C = {
			isa = PBXGroup;
			children = (
				7B1F56A5247DCA9E0028891C /* iOS_Clock_App */,
				7B1F56A4247DCA9E0028891C /* Products */,
			);
			sourceTree = "<group>";
		};
		7B1F56A4247DCA9E0028891C /* Products */ = {
			isa = PBXGroup;
			children = (
				7B1F56A3247DCA9E0028891C /* iOS_Clock_App.app */,
			);
			name = Products;
			sourceTree = "<group>";
		};
		7B1F56A5247DCA9E0028891C /* iOS_Clock_App */ = {
			isa = PBXGroup;
			children = (
				7B0A0EC2247F12F700313926 /* Utils */,
				7B0A0EC0247F12DC00313926 /* Model */,
				7B0A0EC1247F12E700313926 /* View */,
				7B0A0EBF247F12CF00313926 /* Controller */,
				7B0A0EBE247F129D00313926 /* Supporting */,
				7B1F56B4247DCAA20028891C /* Info.plist */,
			);
			path = iOS_Clock_App;
			sourceTree = "<group>";
		};
/* End PBXGroup section */

/* Begin PBXNativeTarget section */
		7B1F56A2247DCA9E0028891C /* iOS_Clock_App */ = {
			isa = PBXNativeTarget;
			buildConfigurationList = 7B1F56B7247DCAA20028891C /* Build configuration list for PBXNativeTarget "iOS_Clock_App" */;
			buildPhases = (
				7B1F569F247DCA9E0028891C /* Sources */,
				7B1F56A0247DCA9E0028891C /* Frameworks */,
				7B1F56A1247DCA9E0028891C /* Resources */,
			);
			buildRules = (
			);
			dependencies = (
			);
			name = iOS_Clock_App;
			productName = iOS_Clock_App;
			productReference = 7B1F56A3247DCA9E0028891C /* iOS_Clock_App.app */;
			productType = "com.apple.product-type.application";
		};
/* End PBXNativeTarget section */

/* Begin PBXProject section */
		7B1F569B247DCA9E0028891C /* Project object */ = {
			isa = PBXProject;
			attributes = {
				LastSwiftUpdateCheck = 1150;
				LastUpgradeCheck = 1150;
				ORGANIZATIONNAME = "Aaron Chen";
				TargetAttributes = {
					7B1F56A2247DCA9E0028891C = {
						CreatedOnToolsVersion = 11.5;
					};
				};
			};
			buildConfigurationList = 7B1F569E247DCA9E0028891C /* Build configuration list for PBXProject "iOS_Clock_App" */;
			compatibilityVersion = "Xcode 9.3";
			developmentRegion = en;
			hasScannedForEncodings = 0;
			knownRegions = (
				en,
				Base,
			);
			mainGroup = 7B1F569A247DCA9E0028891C;
			productRefGroup = 7B1F56A4247DCA9E0028891C /* Products */;
			projectDirPath = "";
			projectRoot = "";
			targets = (
				7B1F56A2247DCA9E0028891C /* iOS_Clock_App */,
			);
		};
/* End PBXProject section */

/* Begin PBXResourcesBuildPhase section */
		7B1F56A1247DCA9E0028891C /* Resources */ = {
			isa = PBXResourcesBuildPhase;
			buildActionMask = 2147483647;
			files = (
				7B1F56B3247DCAA20028891C /* LaunchScreen.storyboard in Resources */,
				7B1F56B0247DCAA20028891C /* Assets.xcassets in Resources */,
			);
			runOnlyForDeploymentPostprocessing = 0;
		};
/* End PBXResourcesBuildPhase section */

/* Begin PBXSourcesBuildPhase section */
		7B1F569F247DCA9E0028891C /* Sources */ = {
			isa = PBXSourcesBuildPhase;
			buildActionMask = 2147483647;
			files = (
				7B1F56AB247DCA9E0028891C /* ViewController.swift in Sources */,
				B0814FDE2481BC640087DC6A /* Week.swift in Sources */,
				7B0A0ECA247F180300313926 /* UIColor+HexRgb.swift in Sources */,
				7B0A0EC4247F142A00313926 /* MainTabBarViewController.swift in Sources */,
				B0335BFB2482EEC20026F6FA /* LabelViewController.swift in Sources */,
				7B1F56A7247DCA9E0028891C /* AppDelegate.swift in Sources */,
				B0DBB9B424806AD2000212EC /* AlarmTableViewController.swift in Sources */,
				B0814FDC2481BB770087DC6A /* WeekTableViewController.swift in Sources */,
				B0DBB9C024819E50000212EC /* DatePickerTableViewCell.swift in Sources */,
				B0DBB9B624806B18000212EC /* AlarmTableViewCell.swift in Sources */,
				B0DBB9BE248197BA000212EC /* RightDetailTableViewCell.swift in Sources */,
				7B0A0ECB247F180300313926 /* HorizontalStackView.swift in Sources */,
				7B0A0ECC247F180300313926 /* VerticalStackView.swift in Sources */,
				7B1F56A9247DCA9E0028891C /* SceneDelegate.swift in Sources */,
				7B0A0EC9247F180300313926 /* UIView+ConstraintLayout.swift in Sources */,
				B0DBB9BA24806CB3000212EC /* Alarm.swift in Sources */,
				B0DBB9BC24819227000212EC /* AddAlarmTableViewController.swift in Sources */,
			);
			runOnlyForDeploymentPostprocessing = 0;
		};
/* End PBXSourcesBuildPhase section */

/* Begin PBXVariantGroup section */
		7B1F56B1247DCAA20028891C /* LaunchScreen.storyboard */ = {
			isa = PBXVariantGroup;
			children = (
				7B1F56B2247DCAA20028891C /* Base */,
			);
			name = LaunchScreen.storyboard;
			sourceTree = "<group>";
		};
/* End PBXVariantGroup section */

/* Begin XCBuildConfiguration section */
		7B1F56B5247DCAA20028891C /* Debug */ = {
			isa = XCBuildConfiguration;
			buildSettings = {
				ALWAYS_SEARCH_USER_PATHS = NO;
				CLANG_ANALYZER_NONNULL = YES;
				CLANG_ANALYZER_NUMBER_OBJECT_CONVERSION = YES_AGGRESSIVE;
				CLANG_CXX_LANGUAGE_STANDARD = "gnu++14";
				CLANG_CXX_LIBRARY = "libc++";
				CLANG_ENABLE_MODULES = YES;
				CLANG_ENABLE_OBJC_ARC = YES;
				CLANG_ENABLE_OBJC_WEAK = YES;
				CLANG_WARN_BLOCK_CAPTURE_AUTORELEASING = YES;
				CLANG_WARN_BOOL_CONVERSION = YES;
				CLANG_WARN_COMMA = YES;
				CLANG_WARN_CONSTANT_CONVERSION = YES;
				CLANG_WARN_DEPRECATED_OBJC_IMPLEMENTATIONS = YES;
				CLANG_WARN_DIRECT_OBJC_ISA_USAGE = YES_ERROR;
				CLANG_WARN_DOCUMENTATION_COMMENTS = YES;
				CLANG_WARN_EMPTY_BODY = YES;
				CLANG_WARN_ENUM_CONVERSION = YES;
				CLANG_WARN_INFINITE_RECURSION = YES;
				CLANG_WARN_INT_CONVERSION = YES;
				CLANG_WARN_NON_LITERAL_NULL_CONVERSION = YES;
				CLANG_WARN_OBJC_IMPLICIT_RETAIN_SELF = YES;
				CLANG_WARN_OBJC_LITERAL_CONVERSION = YES;
				CLANG_WARN_OBJC_ROOT_CLASS = YES_ERROR;
				CLANG_WARN_RANGE_LOOP_ANALYSIS = YES;
				CLANG_WARN_STRICT_PROTOTYPES = YES;
				CLANG_WARN_SUSPICIOUS_MOVE = YES;
				CLANG_WARN_UNGUARDED_AVAILABILITY = YES_AGGRESSIVE;
				CLANG_WARN_UNREACHABLE_CODE = YES;
				CLANG_WARN__DUPLICATE_METHOD_MATCH = YES;
				COPY_PHASE_STRIP = NO;
				DEBUG_INFORMATION_FORMAT = dwarf;
				ENABLE_STRICT_OBJC_MSGSEND = YES;
				ENABLE_TESTABILITY = YES;
				GCC_C_LANGUAGE_STANDARD = gnu11;
				GCC_DYNAMIC_NO_PIC = NO;
				GCC_NO_COMMON_BLOCKS = YES;
				GCC_OPTIMIZATION_LEVEL = 0;
				GCC_PREPROCESSOR_DEFINITIONS = (
					"DEBUG=1",
					"$(inherited)",
				);
				GCC_WARN_64_TO_32_BIT_CONVERSION = YES;
				GCC_WARN_ABOUT_RETURN_TYPE = YES_ERROR;
				GCC_WARN_UNDECLARED_SELECTOR = YES;
				GCC_WARN_UNINITIALIZED_AUTOS = YES_AGGRESSIVE;
				GCC_WARN_UNUSED_FUNCTION = YES;
				GCC_WARN_UNUSED_VARIABLE = YES;
				IPHONEOS_DEPLOYMENT_TARGET = 13.5;
				MTL_ENABLE_DEBUG_INFO = INCLUDE_SOURCE;
				MTL_FAST_MATH = YES;
				ONLY_ACTIVE_ARCH = YES;
				SDKROOT = iphoneos;
				SWIFT_ACTIVE_COMPILATION_CONDITIONS = DEBUG;
				SWIFT_OPTIMIZATION_LEVEL = "-Onone";
			};
			name = Debug;
		};
		7B1F56B6247DCAA20028891C /* Release */ = {
			isa = XCBuildConfiguration;
			buildSettings = {
				ALWAYS_SEARCH_USER_PATHS = NO;
				CLANG_ANALYZER_NONNULL = YES;
				CLANG_ANALYZER_NUMBER_OBJECT_CONVERSION = YES_AGGRESSIVE;
				CLANG_CXX_LANGUAGE_STANDARD = "gnu++14";
				CLANG_CXX_LIBRARY = "libc++";
				CLANG_ENABLE_MODULES = YES;
				CLANG_ENABLE_OBJC_ARC = YES;
				CLANG_ENABLE_OBJC_WEAK = YES;
				CLANG_WARN_BLOCK_CAPTURE_AUTORELEASING = YES;
				CLANG_WARN_BOOL_CONVERSION = YES;
				CLANG_WARN_COMMA = YES;
				CLANG_WARN_CONSTANT_CONVERSION = YES;
				CLANG_WARN_DEPRECATED_OBJC_IMPLEMENTATIONS = YES;
				CLANG_WARN_DIRECT_OBJC_ISA_USAGE = YES_ERROR;
				CLANG_WARN_DOCUMENTATION_COMMENTS = YES;
				CLANG_WARN_EMPTY_BODY = YES;
				CLANG_WARN_ENUM_CONVERSION = YES;
				CLANG_WARN_INFINITE_RECURSION = YES;
				CLANG_WARN_INT_CONVERSION = YES;
				CLANG_WARN_NON_LITERAL_NULL_CONVERSION = YES;
				CLANG_WARN_OBJC_IMPLICIT_RETAIN_SELF = YES;
				CLANG_WARN_OBJC_LITERAL_CONVERSION = YES;
				CLANG_WARN_OBJC_ROOT_CLASS = YES_ERROR;
				CLANG_WARN_RANGE_LOOP_ANALYSIS = YES;
				CLANG_WARN_STRICT_PROTOTYPES = YES;
				CLANG_WARN_SUSPICIOUS_MOVE = YES;
				CLANG_WARN_UNGUARDED_AVAILABILITY = YES_AGGRESSIVE;
				CLANG_WARN_UNREACHABLE_CODE = YES;
				CLANG_WARN__DUPLICATE_METHOD_MATCH = YES;
				COPY_PHASE_STRIP = NO;
				DEBUG_INFORMATION_FORMAT = "dwarf-with-dsym";
				ENABLE_NS_ASSERTIONS = NO;
				ENABLE_STRICT_OBJC_MSGSEND = YES;
				GCC_C_LANGUAGE_STANDARD = gnu11;
				GCC_NO_COMMON_BLOCKS = YES;
				GCC_WARN_64_TO_32_BIT_CONVERSION = YES;
				GCC_WARN_ABOUT_RETURN_TYPE = YES_ERROR;
				GCC_WARN_UNDECLARED_SELECTOR = YES;
				GCC_WARN_UNINITIALIZED_AUTOS = YES_AGGRESSIVE;
				GCC_WARN_UNUSED_FUNCTION = YES;
				GCC_WARN_UNUSED_VARIABLE = YES;
				IPHONEOS_DEPLOYMENT_TARGET = 13.5;
				MTL_ENABLE_DEBUG_INFO = NO;
				MTL_FAST_MATH = YES;
				SDKROOT = iphoneos;
				SWIFT_COMPILATION_MODE = wholemodule;
				SWIFT_OPTIMIZATION_LEVEL = "-O";
				VALIDATE_PRODUCT = YES;
			};
			name = Release;
		};
		7B1F56B8247DCAA20028891C /* Debug */ = {
			isa = XCBuildConfiguration;
			buildSettings = {
				ASSETCATALOG_COMPILER_APPICON_NAME = AppIcon;
				CODE_SIGN_STYLE = Automatic;
				DEVELOPMENT_TEAM = 3DMF2RTT68;
				INFOPLIST_FILE = iOS_Clock_App/Info.plist;
				LD_RUNPATH_SEARCH_PATHS = (
					"$(inherited)",
					"@executable_path/Frameworks",
				);
				PRODUCT_BUNDLE_IDENTIFIER = "AaronCChen.iOS-Clock-App";
				PRODUCT_NAME = "$(TARGET_NAME)";
				SWIFT_VERSION = 5.0;
				TARGETED_DEVICE_FAMILY = "1,2";
			};
			name = Debug;
		};
		7B1F56B9247DCAA20028891C /* Release */ = {
			isa = XCBuildConfiguration;
			buildSettings = {
				ASSETCATALOG_COMPILER_APPICON_NAME = AppIcon;
				CODE_SIGN_STYLE = Automatic;
				DEVELOPMENT_TEAM = 3DMF2RTT68;
				INFOPLIST_FILE = iOS_Clock_App/Info.plist;
				LD_RUNPATH_SEARCH_PATHS = (
					"$(inherited)",
					"@executable_path/Frameworks",
				);
				PRODUCT_BUNDLE_IDENTIFIER = "AaronCChen.iOS-Clock-App";
				PRODUCT_NAME = "$(TARGET_NAME)";
				SWIFT_VERSION = 5.0;
				TARGETED_DEVICE_FAMILY = "1,2";
			};
			name = Release;
		};
/* End XCBuildConfiguration section */

/* Begin XCConfigurationList section */
		7B1F569E247DCA9E0028891C /* Build configuration list for PBXProject "iOS_Clock_App" */ = {
			isa = XCConfigurationList;
			buildConfigurations = (
				7B1F56B5247DCAA20028891C /* Debug */,
				7B1F56B6247DCAA20028891C /* Release */,
			);
			defaultConfigurationIsVisible = 0;
			defaultConfigurationName = Release;
		};
		7B1F56B7247DCAA20028891C /* Build configuration list for PBXNativeTarget "iOS_Clock_App" */ = {
			isa = XCConfigurationList;
			buildConfigurations = (
				7B1F56B8247DCAA20028891C /* Debug */,
				7B1F56B9247DCAA20028891C /* Release */,
			);
			defaultConfigurationIsVisible = 0;
			defaultConfigurationName = Release;
		};
/* End XCConfigurationList section */
	};
	rootObject = 7B1F569B247DCA9E0028891C /* Project object */;
}
